
Microsoft Visual Studio Solution File, Format Version 12.00
# Visual Studio 15
VisualStudioVersion = 15.0.27428.2037
MinimumVisualStudioVersion = 10.0.40219.1
Project("{FAE04EC0-301F-11D3-BF4B-00C04F79EFBC}") = "PUBGDemoManager", "PUBGDemoManager\PUBGDemoManager.csproj", "{075790D0-80B6-4F69-9B63-FE054EE79052}"
EndProject
Global
	GlobalSection(SolutionConfigurationPlatforms) = preSolution
		Debug|Any CPU = Debug|Any CPU
		Release|Any CPU = Release|Any CPU
	EndGlobalSection
	GlobalSection(ProjectConfigurationPlatforms) = postSolution
		{075790D0-80B6-4F69-9B63-FE054EE79052}.Debug|Any CPU.ActiveCfg = Debug|Any CPU
		{075790D0-80B6-4F69-9B63-FE054EE79052}.Debug|Any CPU.Build.0 = Debug|Any CPU
		{075790D0-80B6-4F69-9B63-FE054EE79052}.Release|Any CPU.ActiveCfg = Release|Any CPU
		{075790D0-80B6-4F69-9B63-FE054EE79052}.Release|Any CPU.Build.0 = Release|Any CPU
	EndGlobalSection
	GlobalSection(SolutionProperties) = preSolution
		HideSolutionNode = FALSE
	EndGlobalSection
	GlobalSection(ExtensibilityGlobals) = postSolution
		SolutionGuid = {8D38DE5E-0558-45A8-B17F-5585DE1F1183}
	EndGlobalSection
EndGlobal
